
Microsoft Visual Studio Solution File, Format Version 12.00
# Visual Studio Version 16
VisualStudioVersion = 16.0.31702.278
MinimumVisualStudioVersion = 10.0.40219.1
Project("{FAE04EC0-301F-11D3-BF4B-00C04F79EFBC}") = "MAS v2", "MAS v2\MAS v2.csproj", "{FDEE95CA-FC2A-4B6E-AAA6-7345B47F6670}"
EndProject
Global
	GlobalSection(SolutionConfigurationPlatforms) = preSolution
		Debug|Any CPU = Debug|Any CPU
		Release|Any CPU = Release|Any CPU
	EndGlobalSection
	GlobalSection(ProjectConfigurationPlatforms) = postSolution
		{FDEE95CA-FC2A-4B6E-AAA6-7345B47F6670}.Debug|Any CPU.ActiveCfg = Debug|Any CPU
		{FDEE95CA-FC2A-4B6E-AAA6-7345B47F6670}.Debug|Any CPU.Build.0 = Debug|Any CPU
		{FDEE95CA-FC2A-4B6E-AAA6-7345B47F6670}.Release|Any CPU.ActiveCfg = Release|Any CPU
		{FDEE95CA-FC2A-4B6E-AAA6-7345B47F6670}.Release|Any CPU.Build.0 = Release|Any CPU
	EndGlobalSection
	GlobalSection(SolutionProperties) = preSolution
		HideSolutionNode = FALSE
	EndGlobalSection
	GlobalSection(ExtensibilityGlobals) = postSolution
		SolutionGuid = {5A83A7A7-36F8-4B94-B096-02119FCFCF37}
	EndGlobalSection
EndGlobal
